
Microsoft Visual Studio Solution File, Format Version 12.00
# Visual Studio Version 17
VisualStudioVersion = 17.10.34916.146
MinimumVisualStudioVersion = 10.0.40219.1
Project("{2150E333-8FDC-42A3-9474-1A3956D46DE8}") = "src", "src", "{25A3A06E-B518-4CB7-93BF-F97D4F2C57C1}"
EndProject
Project("{2150E333-8FDC-42A3-9474-1A3956D46DE8}") = "API", "API", "{1E337240-7402-4D32-A3FF-B4B51555472C}"
EndProject
Project("{9A19103F-16F7-4668-BE54-9A1E7A4F7556}") = "LibraryArchive.API", "src\API\LibraryArchive.API\LibraryArchive.API.csproj", "{72D8BE2F-02E4-4C67-9A6C-39FE95707211}"
EndProject
Project("{2150E333-8FDC-42A3-9474-1A3956D46DE8}") = "Core", "Core", "{606F18CC-8DBA-4AEC-AD2A-338637CADD3C}"
EndProject
Project("{2150E333-8FDC-42A3-9474-1A3956D46DE8}") = "tests", "tests", "{3CD14E4C-3095-4CC4-B5BB-A5849E89BF6C}"
EndProject
Project("{2150E333-8FDC-42A3-9474-1A3956D46DE8}") = "docs", "docs", "{D009C1EA-89D6-4EB0-BDEF-8659B9DE7704}"
	ProjectSection(SolutionItems) = preProject
		Address_Management.md = Address_Management.md
		API_Docs.md = API_Docs.md
		Auth_Management.md = Auth_Management.md
		BookShare_Management.md = BookShare_Management.md
		Book_Management.md = Book_Management.md
		Category_Management.md = Category_Management.md
		NoteShare_Management.md = NoteShare_Management.md
		Note_Management.md = Note_Management.md
		NotificationSettings_Management.md = NotificationSettings_Management.md
		Notification_Management.md = Notification_Management.md
		OrderDetail_Management.md = OrderDetail_Management.md
		Order_Management.md = Order_Management.md
		Profile_Management.md = Profile_Management.md
		User_Management.md = User_Management.md
	EndProjectSection
EndProject
Project("{2150E333-8FDC-42A3-9474-1A3956D46DE8}") = "scripts", "scripts", "{67A7F35A-8211-4C44-B26A-905C63637778}"
EndProject
Project("{9A19103F-16F7-4668-BE54-9A1E7A4F7556}") = "LibraryArchive.Tests", "tests\LibraryArchive.Tests\LibraryArchive.Tests.csproj", "{5ACB96B8-FC14-4854-8629-AE0DD065EE1E}"
EndProject
Project("{9A19103F-16F7-4668-BE54-9A1E7A4F7556}") = "LibraryArchive.Data", "src\Core\LibraryArchive.Data\LibraryArchive.Data.csproj", "{9FA5F680-75D7-4CC5-8BC2-257097B2E2B2}"
EndProject
Project("{9A19103F-16F7-4668-BE54-9A1E7A4F7556}") = "LibraryArchive.Services", "src\Core\LibraryArchive.Services\LibraryArchive.Services.csproj", "{628B3A7F-4A4C-4FBB-94CD-0B548A11EBBC}"
EndProject
Global
	GlobalSection(SolutionConfigurationPlatforms) = preSolution
		Debug|Any CPU = Debug|Any CPU
		Release|Any CPU = Release|Any CPU
	EndGlobalSection
	GlobalSection(ProjectConfigurationPlatforms) = postSolution
		{72D8BE2F-02E4-4C67-9A6C-39FE95707211}.Debug|Any CPU.ActiveCfg = Debug|Any CPU
		{72D8BE2F-02E4-4C67-9A6C-39FE95707211}.Debug|Any CPU.Build.0 = Debug|Any CPU
		{72D8BE2F-02E4-4C67-9A6C-39FE95707211}.Release|Any CPU.ActiveCfg = Release|Any CPU
		{72D8BE2F-02E4-4C67-9A6C-39FE95707211}.Release|Any CPU.Build.0 = Release|Any CPU
		{5ACB96B8-FC14-4854-8629-AE0DD065EE1E}.Debug|Any CPU.ActiveCfg = Debug|Any CPU
		{5ACB96B8-FC14-4854-8629-AE0DD065EE1E}.Debug|Any CPU.Build.0 = Debug|Any CPU
		{5ACB96B8-FC14-4854-8629-AE0DD065EE1E}.Release|Any CPU.ActiveCfg = Release|Any CPU
		{5ACB96B8-FC14-4854-8629-AE0DD065EE1E}.Release|Any CPU.Build.0 = Release|Any CPU
		{9FA5F680-75D7-4CC5-8BC2-257097B2E2B2}.Debug|Any CPU.ActiveCfg = Debug|Any CPU
		{9FA5F680-75D7-4CC5-8BC2-257097B2E2B2}.Debug|Any CPU.Build.0 = Debug|Any CPU
		{9FA5F680-75D7-4CC5-8BC2-257097B2E2B2}.Release|Any CPU.ActiveCfg = Release|Any CPU
		{9FA5F680-75D7-4CC5-8BC2-257097B2E2B2}.Release|Any CPU.Build.0 = Release|Any CPU
		{628B3A7F-4A4C-4FBB-94CD-0B548A11EBBC}.Debug|Any CPU.ActiveCfg = Debug|Any CPU
		{628B3A7F-4A4C-4FBB-94CD-0B548A11EBBC}.Debug|Any CPU.Build.0 = Debug|Any CPU
		{628B3A7F-4A4C-4FBB-94CD-0B548A11EBBC}.Release|Any CPU.ActiveCfg = Release|Any CPU
		{628B3A7F-4A4C-4FBB-94CD-0B548A11EBBC}.Release|Any CPU.Build.0 = Release|Any CPU
	EndGlobalSection
	GlobalSection(SolutionProperties) = preSolution
		HideSolutionNode = FALSE
	EndGlobalSection
	GlobalSection(NestedProjects) = preSolution
		{1E337240-7402-4D32-A3FF-B4B51555472C} = {25A3A06E-B518-4CB7-93BF-F97D4F2C57C1}
		{72D8BE2F-02E4-4C67-9A6C-39FE95707211} = {1E337240-7402-4D32-A3FF-B4B51555472C}
		{606F18CC-8DBA-4AEC-AD2A-338637CADD3C} = {25A3A06E-B518-4CB7-93BF-F97D4F2C57C1}
		{5ACB96B8-FC14-4854-8629-AE0DD065EE1E} = {3CD14E4C-3095-4CC4-B5BB-A5849E89BF6C}
		{9FA5F680-75D7-4CC5-8BC2-257097B2E2B2} = {606F18CC-8DBA-4AEC-AD2A-338637CADD3C}
		{628B3A7F-4A4C-4FBB-94CD-0B548A11EBBC} = {606F18CC-8DBA-4AEC-AD2A-338637CADD3C}
	EndGlobalSection
	GlobalSection(ExtensibilityGlobals) = postSolution
		SolutionGuid = {B1DDA455-0643-49F9-8CE6-F6ECD4BAC2AD}
	EndGlobalSection
EndGlobal
